
Microsoft Visual Studio Solution File, Format Version 12.00
# Visual Studio Version 16
VisualStudioVersion = 16.0.30225.117
MinimumVisualStudioVersion = 10.0.40219.1
Project("{9A19103F-16F7-4668-BE54-9A1E7A4F7556}") = "API.Controller", "Service Layer\API.Controller.csproj", "{BC35D835-1BE6-428E-BC20-C826226E1228}"
EndProject
Global
	GlobalSection(SolutionConfigurationPlatforms) = preSolution
		Debug|Any CPU = Debug|Any CPU
		Release|Any CPU = Release|Any CPU
	EndGlobalSection
	GlobalSection(ProjectConfigurationPlatforms) = postSolution
		{BC35D835-1BE6-428E-BC20-C826226E1228}.Debug|Any CPU.ActiveCfg = Debug|Any CPU
		{BC35D835-1BE6-428E-BC20-C826226E1228}.Debug|Any CPU.Build.0 = Debug|Any CPU
		{BC35D835-1BE6-428E-BC20-C826226E1228}.Release|Any CPU.ActiveCfg = Release|Any CPU
		{BC35D835-1BE6-428E-BC20-C826226E1228}.Release|Any CPU.Build.0 = Release|Any CPU
	EndGlobalSection
	GlobalSection(SolutionProperties) = preSolution
		HideSolutionNode = FALSE
	EndGlobalSection
	GlobalSection(ExtensibilityGlobals) = postSolution
		SolutionGuid = {85BA4B97-5A53-4FD3-8148-BC2F60F6C359}
	EndGlobalSection
EndGlobal
